
Microsoft Visual Studio Solution File, Format Version 12.00
# Visual Studio Version 17
VisualStudioVersion = 17.13.35919.96 d17.13
MinimumVisualStudioVersion = 10.0.40219.1
Project("{FAE04EC0-301F-11D3-BF4B-00C04F79EFBC}") = "Assignment3.2.4", "Assignment3.2.4.csproj", "{B3182608-1512-44D5-B6E6-36EBB57ACE03}"
EndProject
Global
	GlobalSection(SolutionConfigurationPlatforms) = preSolution
		Debug|Any CPU = Debug|Any CPU
		Release|Any CPU = Release|Any CPU
	EndGlobalSection
	GlobalSection(ProjectConfigurationPlatforms) = postSolution
		{B3182608-1512-44D5-B6E6-36EBB57ACE03}.Debug|Any CPU.ActiveCfg = Debug|Any CPU
		{B3182608-1512-44D5-B6E6-36EBB57ACE03}.Debug|Any CPU.Build.0 = Debug|Any CPU
		{B3182608-1512-44D5-B6E6-36EBB57ACE03}.Release|Any CPU.ActiveCfg = Release|Any CPU
		{B3182608-1512-44D5-B6E6-36EBB57ACE03}.Release|Any CPU.Build.0 = Release|Any CPU
	EndGlobalSection
	GlobalSection(SolutionProperties) = preSolution
		HideSolutionNode = FALSE
	EndGlobalSection
	GlobalSection(ExtensibilityGlobals) = postSolution
		SolutionGuid = {77B3BAD3-0C6A-4ECD-8151-F65E7B8E801A}
	EndGlobalSection
EndGlobal
